
Microsoft Visual Studio Solution File, Format Version 12.00
# Visual Studio Version 17
VisualStudioVersion = 17.13.35806.99
MinimumVisualStudioVersion = 10.0.40219.1
Project("{FAE04EC0-301F-11D3-BF4B-00C04F79EFBC}") = "CustomerMicroservice", "IT-SWD-6.3A_24_DP_Kayleigh_Mangion_\CustomerMicroservice.csproj", "{EB76EF8B-C627-4773-B184-4602767454E4}"
EndProject
Project("{FAE04EC0-301F-11D3-BF4B-00C04F79EFBC}") = "BookingMicroservice", "BookingMicroservice\BookingMicroservice.csproj", "{8B354657-BCB1-4B11-A079-009D4357B8F0}"
EndProject
Project("{FAE04EC0-301F-11D3-BF4B-00C04F79EFBC}") = "PaymentMicroservice", "PaymentMicroservice\PaymentMicroservice.csproj", "{F56C1892-1339-42B0-BE7E-E0042A9462B6}"
EndProject
Project("{FAE04EC0-301F-11D3-BF4B-00C04F79EFBC}") = "LocationMicroservice", "LocationMicroservice\LocationMicroservice.csproj", "{A5EF335D-C5C4-4977-99FB-EEB24F564653}"
EndProject
Project("{FAE04EC0-301F-11D3-BF4B-00C04F79EFBC}") = "Cab_Frontend", "Cab_Booking_System\Cab_Frontend.csproj", "{AF8026C5-5E44-433F-86E5-4FF1CE9CEFA0}"
EndProject
Project("{FAE04EC0-301F-11D3-BF4B-00C04F79EFBC}") = "GatewayMicroservice", "GatewayMicroservice\GatewayMicroservice.csproj", "{831D2BB3-C648-488B-8B1C-720BB96D8C1F}"
EndProject
Global
	GlobalSection(SolutionConfigurationPlatforms) = preSolution
		Debug|Any CPU = Debug|Any CPU
		Release|Any CPU = Release|Any CPU
	EndGlobalSection
	GlobalSection(ProjectConfigurationPlatforms) = postSolution
		{EB76EF8B-C627-4773-B184-4602767454E4}.Debug|Any CPU.ActiveCfg = Debug|Any CPU
		{EB76EF8B-C627-4773-B184-4602767454E4}.Debug|Any CPU.Build.0 = Debug|Any CPU
		{EB76EF8B-C627-4773-B184-4602767454E4}.Release|Any CPU.ActiveCfg = Release|Any CPU
		{EB76EF8B-C627-4773-B184-4602767454E4}.Release|Any CPU.Build.0 = Release|Any CPU
		{8B354657-BCB1-4B11-A079-009D4357B8F0}.Debug|Any CPU.ActiveCfg = Debug|Any CPU
		{8B354657-BCB1-4B11-A079-009D4357B8F0}.Debug|Any CPU.Build.0 = Debug|Any CPU
		{8B354657-BCB1-4B11-A079-009D4357B8F0}.Release|Any CPU.ActiveCfg = Release|Any CPU
		{8B354657-BCB1-4B11-A079-009D4357B8F0}.Release|Any CPU.Build.0 = Release|Any CPU
		{F56C1892-1339-42B0-BE7E-E0042A9462B6}.Debug|Any CPU.ActiveCfg = Debug|Any CPU
		{F56C1892-1339-42B0-BE7E-E0042A9462B6}.Debug|Any CPU.Build.0 = Debug|Any CPU
		{F56C1892-1339-42B0-BE7E-E0042A9462B6}.Release|Any CPU.ActiveCfg = Release|Any CPU
		{F56C1892-1339-42B0-BE7E-E0042A9462B6}.Release|Any CPU.Build.0 = Release|Any CPU
		{A5EF335D-C5C4-4977-99FB-EEB24F564653}.Debug|Any CPU.ActiveCfg = Debug|Any CPU
		{A5EF335D-C5C4-4977-99FB-EEB24F564653}.Debug|Any CPU.Build.0 = Debug|Any CPU
		{A5EF335D-C5C4-4977-99FB-EEB24F564653}.Release|Any CPU.ActiveCfg = Release|Any CPU
		{A5EF335D-C5C4-4977-99FB-EEB24F564653}.Release|Any CPU.Build.0 = Release|Any CPU
		{AF8026C5-5E44-433F-86E5-4FF1CE9CEFA0}.Debug|Any CPU.ActiveCfg = Debug|Any CPU
		{AF8026C5-5E44-433F-86E5-4FF1CE9CEFA0}.Debug|Any CPU.Build.0 = Debug|Any CPU
		{AF8026C5-5E44-433F-86E5-4FF1CE9CEFA0}.Release|Any CPU.ActiveCfg = Release|Any CPU
		{AF8026C5-5E44-433F-86E5-4FF1CE9CEFA0}.Release|Any CPU.Build.0 = Release|Any CPU
		{831D2BB3-C648-488B-8B1C-720BB96D8C1F}.Debug|Any CPU.ActiveCfg = Debug|Any CPU
		{831D2BB3-C648-488B-8B1C-720BB96D8C1F}.Debug|Any CPU.Build.0 = Debug|Any CPU
		{831D2BB3-C648-488B-8B1C-720BB96D8C1F}.Release|Any CPU.ActiveCfg = Release|Any CPU
		{831D2BB3-C648-488B-8B1C-720BB96D8C1F}.Release|Any CPU.Build.0 = Release|Any CPU
	EndGlobalSection
	GlobalSection(SolutionProperties) = preSolution
		HideSolutionNode = FALSE
	EndGlobalSection
	GlobalSection(ExtensibilityGlobals) = postSolution
		SolutionGuid = {3E324AA5-6A4D-40FA-AB7A-01FCC99362F8}
	EndGlobalSection
EndGlobal
